
Microsoft Visual Studio Solution File, Format Version 12.00
# Visual Studio Version 17
VisualStudioVersion = 17.7.34009.444
MinimumVisualStudioVersion = 10.0.40219.1
Project("{FAE04EC0-301F-11D3-BF4B-00C04F79EFBC}") = "Konsola", "Konsola\Konsola.csproj", "{AFA6FA83-339C-47D5-8D5A-6673A7E7EBAD}"
EndProject
Global
	GlobalSection(SolutionConfigurationPlatforms) = preSolution
		Debug|Any CPU = Debug|Any CPU
		Release|Any CPU = Release|Any CPU
	EndGlobalSection
	GlobalSection(ProjectConfigurationPlatforms) = postSolution
		{AFA6FA83-339C-47D5-8D5A-6673A7E7EBAD}.Debug|Any CPU.ActiveCfg = Debug|Any CPU
		{AFA6FA83-339C-47D5-8D5A-6673A7E7EBAD}.Debug|Any CPU.Build.0 = Debug|Any CPU
		{AFA6FA83-339C-47D5-8D5A-6673A7E7EBAD}.Release|Any CPU.ActiveCfg = Release|Any CPU
		{AFA6FA83-339C-47D5-8D5A-6673A7E7EBAD}.Release|Any CPU.Build.0 = Release|Any CPU
	EndGlobalSection
	GlobalSection(SolutionProperties) = preSolution
		HideSolutionNode = FALSE
	EndGlobalSection
	GlobalSection(ExtensibilityGlobals) = postSolution
		SolutionGuid = {685F9343-FC7A-4670-A245-9ACA32F96DA1}
	EndGlobalSection
EndGlobal
