
Microsoft Visual Studio Solution File, Format Version 12.00
# Visual Studio Version 17
VisualStudioVersion = 17.7.34009.444
MinimumVisualStudioVersion = 10.0.40219.1
Project("{FAE04EC0-301F-11D3-BF4B-00C04F79EFBC}") = "Incrementing and Decrementing", "Incrementing and Decrementing\Incrementing and Decrementing.csproj", "{259EE1B9-BD30-43C8-9546-951CA161ADB8}"
EndProject
Global
	GlobalSection(SolutionConfigurationPlatforms) = preSolution
		Debug|Any CPU = Debug|Any CPU
		Release|Any CPU = Release|Any CPU
	EndGlobalSection
	GlobalSection(ProjectConfigurationPlatforms) = postSolution
		{259EE1B9-BD30-43C8-9546-951CA161ADB8}.Debug|Any CPU.ActiveCfg = Debug|Any CPU
		{259EE1B9-BD30-43C8-9546-951CA161ADB8}.Debug|Any CPU.Build.0 = Debug|Any CPU
		{259EE1B9-BD30-43C8-9546-951CA161ADB8}.Release|Any CPU.ActiveCfg = Release|Any CPU
		{259EE1B9-BD30-43C8-9546-951CA161ADB8}.Release|Any CPU.Build.0 = Release|Any CPU
	EndGlobalSection
	GlobalSection(SolutionProperties) = preSolution
		HideSolutionNode = FALSE
	EndGlobalSection
	GlobalSection(ExtensibilityGlobals) = postSolution
		SolutionGuid = {5C95454B-C975-433B-971B-EBD026B93D43}
	EndGlobalSection
EndGlobal
