
Microsoft Visual Studio Solution File, Format Version 12.00
# Visual Studio Version 17
VisualStudioVersion = 17.7.34009.444
MinimumVisualStudioVersion = 10.0.40219.1
Project("{FAE04EC0-301F-11D3-BF4B-00C04F79EFBC}") = "OperatorLogicznyAND", "OperatorLogicznyAND\OperatorLogicznyAND.csproj", "{653CAC92-AEE3-4EA7-B2C8-CC2D19D3A120}"
EndProject
Global
	GlobalSection(SolutionConfigurationPlatforms) = preSolution
		Debug|Any CPU = Debug|Any CPU
		Release|Any CPU = Release|Any CPU
	EndGlobalSection
	GlobalSection(ProjectConfigurationPlatforms) = postSolution
		{653CAC92-AEE3-4EA7-B2C8-CC2D19D3A120}.Debug|Any CPU.ActiveCfg = Debug|Any CPU
		{653CAC92-AEE3-4EA7-B2C8-CC2D19D3A120}.Debug|Any CPU.Build.0 = Debug|Any CPU
		{653CAC92-AEE3-4EA7-B2C8-CC2D19D3A120}.Release|Any CPU.ActiveCfg = Release|Any CPU
		{653CAC92-AEE3-4EA7-B2C8-CC2D19D3A120}.Release|Any CPU.Build.0 = Release|Any CPU
	EndGlobalSection
	GlobalSection(SolutionProperties) = preSolution
		HideSolutionNode = FALSE
	EndGlobalSection
	GlobalSection(ExtensibilityGlobals) = postSolution
		SolutionGuid = {8D662DC5-B71A-4C65-88D3-75DCEEE5C04C}
	EndGlobalSection
EndGlobal
